
Microsoft Visual Studio Solution File, Format Version 12.00
# Visual Studio Version 17
VisualStudioVersion = 17.7.34202.233
MinimumVisualStudioVersion = 10.0.40219.1
Project("{FAE04EC0-301F-11D3-BF4B-00C04F79EFBC}") = "PROJECT1", "PROJECT1.csproj", "{2BF91798-B0F1-4CC5-BE99-CEDCC19220DE}"
EndProject
Global
	GlobalSection(SolutionConfigurationPlatforms) = preSolution
		Debug|Any CPU = Debug|Any CPU
		Release|Any CPU = Release|Any CPU
	EndGlobalSection
	GlobalSection(ProjectConfigurationPlatforms) = postSolution
		{2BF91798-B0F1-4CC5-BE99-CEDCC19220DE}.Debug|Any CPU.ActiveCfg = Debug|Any CPU
		{2BF91798-B0F1-4CC5-BE99-CEDCC19220DE}.Debug|Any CPU.Build.0 = Debug|Any CPU
		{2BF91798-B0F1-4CC5-BE99-CEDCC19220DE}.Release|Any CPU.ActiveCfg = Release|Any CPU
		{2BF91798-B0F1-4CC5-BE99-CEDCC19220DE}.Release|Any CPU.Build.0 = Release|Any CPU
	EndGlobalSection
	GlobalSection(SolutionProperties) = preSolution
		HideSolutionNode = FALSE
	EndGlobalSection
	GlobalSection(ExtensibilityGlobals) = postSolution
		SolutionGuid = {AC6C8BDE-95C3-4DFF-9615-BE95B3D075A9}
	EndGlobalSection
EndGlobal
