
Microsoft Visual Studio Solution File, Format Version 12.00
# Visual Studio Version 17
VisualStudioVersion = 17.7.34202.233
MinimumVisualStudioVersion = 10.0.40219.1
Project("{FAE04EC0-301F-11D3-BF4B-00C04F79EFBC}") = "UE5.5", "UE5.5.csproj", "{CC761DEE-E88C-4ADB-B63F-9E50D35B377C}"
EndProject
Global
	GlobalSection(SolutionConfigurationPlatforms) = preSolution
		Debug|Any CPU = Debug|Any CPU
		Release|Any CPU = Release|Any CPU
	EndGlobalSection
	GlobalSection(ProjectConfigurationPlatforms) = postSolution
		{CC761DEE-E88C-4ADB-B63F-9E50D35B377C}.Debug|Any CPU.ActiveCfg = Debug|Any CPU
		{CC761DEE-E88C-4ADB-B63F-9E50D35B377C}.Debug|Any CPU.Build.0 = Debug|Any CPU
		{CC761DEE-E88C-4ADB-B63F-9E50D35B377C}.Release|Any CPU.ActiveCfg = Release|Any CPU
		{CC761DEE-E88C-4ADB-B63F-9E50D35B377C}.Release|Any CPU.Build.0 = Release|Any CPU
	EndGlobalSection
	GlobalSection(SolutionProperties) = preSolution
		HideSolutionNode = FALSE
	EndGlobalSection
	GlobalSection(ExtensibilityGlobals) = postSolution
		SolutionGuid = {CA7A4636-43C6-4FCC-8C9F-6046752F0503}
	EndGlobalSection
EndGlobal
