
Microsoft Visual Studio Solution File, Format Version 12.00
# Visual Studio Version 17
VisualStudioVersion = 17.7.34202.233
MinimumVisualStudioVersion = 10.0.40219.1
Project("{FAE04EC0-301F-11D3-BF4B-00C04F79EFBC}") = "class_5_notes", "class_5_notes.csproj", "{A581536A-EF12-49A8-9D14-37989CD7FEC7}"
EndProject
Global
	GlobalSection(SolutionConfigurationPlatforms) = preSolution
		Debug|Any CPU = Debug|Any CPU
		Release|Any CPU = Release|Any CPU
	EndGlobalSection
	GlobalSection(ProjectConfigurationPlatforms) = postSolution
		{A581536A-EF12-49A8-9D14-37989CD7FEC7}.Debug|Any CPU.ActiveCfg = Debug|Any CPU
		{A581536A-EF12-49A8-9D14-37989CD7FEC7}.Debug|Any CPU.Build.0 = Debug|Any CPU
		{A581536A-EF12-49A8-9D14-37989CD7FEC7}.Release|Any CPU.ActiveCfg = Release|Any CPU
		{A581536A-EF12-49A8-9D14-37989CD7FEC7}.Release|Any CPU.Build.0 = Release|Any CPU
	EndGlobalSection
	GlobalSection(SolutionProperties) = preSolution
		HideSolutionNode = FALSE
	EndGlobalSection
	GlobalSection(ExtensibilityGlobals) = postSolution
		SolutionGuid = {3425EB56-B1B7-4AF6-96D4-51ED0486FE8D}
	EndGlobalSection
EndGlobal
