
Microsoft Visual Studio Solution File, Format Version 12.00
# Visual Studio Version 17
VisualStudioVersion = 17.7.34202.233
MinimumVisualStudioVersion = 10.0.40219.1
Project("{FAE04EC0-301F-11D3-BF4B-00C04F79EFBC}") = "Uebung2.2", "Uebung2.2.csproj", "{806A205B-CC0C-47A5-A835-6F1DC017FD6A}"
EndProject
Global
	GlobalSection(SolutionConfigurationPlatforms) = preSolution
		Debug|Any CPU = Debug|Any CPU
		Release|Any CPU = Release|Any CPU
	EndGlobalSection
	GlobalSection(ProjectConfigurationPlatforms) = postSolution
		{806A205B-CC0C-47A5-A835-6F1DC017FD6A}.Debug|Any CPU.ActiveCfg = Debug|Any CPU
		{806A205B-CC0C-47A5-A835-6F1DC017FD6A}.Debug|Any CPU.Build.0 = Debug|Any CPU
		{806A205B-CC0C-47A5-A835-6F1DC017FD6A}.Release|Any CPU.ActiveCfg = Release|Any CPU
		{806A205B-CC0C-47A5-A835-6F1DC017FD6A}.Release|Any CPU.Build.0 = Release|Any CPU
	EndGlobalSection
	GlobalSection(SolutionProperties) = preSolution
		HideSolutionNode = FALSE
	EndGlobalSection
	GlobalSection(ExtensibilityGlobals) = postSolution
		SolutionGuid = {C71D0223-C0D1-41E6-80F5-FAF7A20777CC}
	EndGlobalSection
EndGlobal
