
Microsoft Visual Studio Solution File, Format Version 12.00
# Visual Studio Version 17
VisualStudioVersion = 17.7.34202.233
MinimumVisualStudioVersion = 10.0.40219.1
Project("{FAE04EC0-301F-11D3-BF4B-00C04F79EFBC}") = "UE4.4", "UE4.4.csproj", "{049179D3-E1F1-4FAA-A036-3EC4822E1E12}"
EndProject
Global
	GlobalSection(SolutionConfigurationPlatforms) = preSolution
		Debug|Any CPU = Debug|Any CPU
		Release|Any CPU = Release|Any CPU
	EndGlobalSection
	GlobalSection(ProjectConfigurationPlatforms) = postSolution
		{049179D3-E1F1-4FAA-A036-3EC4822E1E12}.Debug|Any CPU.ActiveCfg = Debug|Any CPU
		{049179D3-E1F1-4FAA-A036-3EC4822E1E12}.Debug|Any CPU.Build.0 = Debug|Any CPU
		{049179D3-E1F1-4FAA-A036-3EC4822E1E12}.Release|Any CPU.ActiveCfg = Release|Any CPU
		{049179D3-E1F1-4FAA-A036-3EC4822E1E12}.Release|Any CPU.Build.0 = Release|Any CPU
	EndGlobalSection
	GlobalSection(SolutionProperties) = preSolution
		HideSolutionNode = FALSE
	EndGlobalSection
	GlobalSection(ExtensibilityGlobals) = postSolution
		SolutionGuid = {110FBBD8-DF1C-4956-A506-74E80A62B0A8}
	EndGlobalSection
EndGlobal
